
Microsoft Visual Studio Solution File, Format Version 12.00
# Visual Studio 15
VisualStudioVersion = 15.0.27130.2036
MinimumVisualStudioVersion = 10.0.40219.1
Project("{2150E333-8FDC-42A3-9474-1A3956D46DE8}") = "00-WebModels", "00-WebModels", "{C83E0E32-588F-4937-AA9D-2EA7480DC0D7}"
EndProject
Project("{2150E333-8FDC-42A3-9474-1A3956D46DE8}") = "00-DataEntities", "00-DataEntities", "{25F2657F-8642-4D5D-9448-4F5BCAA53FDA}"
EndProject
Project("{2150E333-8FDC-42A3-9474-1A3956D46DE8}") = "01-Services", "01-Services", "{1C447CE9-52E3-42E7-9F4E-DBBCEB6DC4EB}"
EndProject
Project("{2150E333-8FDC-42A3-9474-1A3956D46DE8}") = "01-Data", "01-Data", "{526C2E3A-298E-42E9-B9C2-E9B847715A20}"
EndProject
Project("{2150E333-8FDC-42A3-9474-1A3956D46DE8}") = "02-Business", "02-Business", "{63DB85E7-ADB5-449E-9112-F829ED70E96C}"
EndProject
Project("{2150E333-8FDC-42A3-9474-1A3956D46DE8}") = "03-Tests", "03-Tests", "{9E9A7E83-C2BF-40E3-81CE-C9223B48F4B6}"
EndProject
Project("{2150E333-8FDC-42A3-9474-1A3956D46DE8}") = "04-Apk", "04-Apk", "{CFABD221-BD92-4FB4-866D-1C4DD813F5C3}"
EndProject
Project("{2150E333-8FDC-42A3-9474-1A3956D46DE8}") = "04-Mvc", "04-Mvc", "{B690A1E5-22EE-420B-BF34-9DEEE8846765}"
EndProject
Project("{2150E333-8FDC-42A3-9474-1A3956D46DE8}") = "04-Api", "04-Api", "{D73B17A2-8A6C-4F21-8FE0-BC71BF68FF00}"
EndProject
Project("{FAE04EC0-301F-11D3-BF4B-00C04F79EFBC}") = "ClickCounterApp.Entities", "ClickCounterApp.Entities\ClickCounterApp.Entities.csproj", "{D975EE5B-1B04-48C8-BA09-429DF3250ACA}"
EndProject
Project("{FAE04EC0-301F-11D3-BF4B-00C04F79EFBC}") = "ClickCounterApp.Data", "ClickCounterApp.Data\ClickCounterApp.Data.csproj", "{0D0901A5-7B0D-4805-A630-19A8595F4CF2}"
EndProject
Project("{FAE04EC0-301F-11D3-BF4B-00C04F79EFBC}") = "ClickCounterApp.Business", "ClickCounterApp.Business\ClickCounterApp.Business.csproj", "{F82550B0-2E3B-490C-9C0F-D12E6BA33612}"
EndProject
Project("{FAE04EC0-301F-11D3-BF4B-00C04F79EFBC}") = "ClickCounterApp.Tests.AddFortune", "ClickCounterApp.Tests.AddFortune\ClickCounterApp.Tests.AddFortune.csproj", "{0774B35D-9B13-46B5-AE40-8684F77CDBFA}"
EndProject
Project("{2150E333-8FDC-42A3-9474-1A3956D46DE8}") = "00-Assemblies", "00-Assemblies", "{8BC5892B-620B-4556-8EF2-06C9D3A6C9EE}"
	ProjectSection(SolutionItems) = preProject
		ClickCounterApp.Assemblies\App.config = ClickCounterApp.Assemblies\App.config
		ClickCounterApp.Assemblies\log4net.config = ClickCounterApp.Assemblies\log4net.config
		ClickCounterApp.Assemblies\Log4net.Helper.Logging.dll = ClickCounterApp.Assemblies\Log4net.Helper.Logging.dll
	EndProjectSection
EndProject
Project("{FAE04EC0-301F-11D3-BF4B-00C04F79EFBC}") = "ClickCounterApp.Api", "ClickCounterApp.Api\ClickCounterApp.Api.csproj", "{DF766DDB-9C66-4EFB-8D67-125DBB7EC7BF}"
EndProject
Project("{FAE04EC0-301F-11D3-BF4B-00C04F79EFBC}") = "ClickCounterApp.Apk.FortuneSeeker", "ClickCounterApp.Apk.FortuneSeeker\ClickCounterApp.Apk.FortuneSeeker.csproj", "{75BAF0F3-4733-43BC-8520-2C8BB3202D97}"
EndProject
Project("{FAE04EC0-301F-11D3-BF4B-00C04F79EFBC}") = "ClickCounterApp.Tests.Api", "ClickCounterApp.Tests.Api\ClickCounterApp.Tests.Api.csproj", "{5F898A90-4013-41BE-AE46-81FA692BB37C}"
EndProject
Project("{FAE04EC0-301F-11D3-BF4B-00C04F79EFBC}") = "ClickCounterApp.WebModels", "ClickCounterApp.WebModels\ClickCounterApp.WebModels.csproj", "{F2799144-C839-4AF7-8461-9BC1A75D8876}"
EndProject
Project("{FAE04EC0-301F-11D3-BF4B-00C04F79EFBC}") = "ClickCounterApp.Mvc", "ClickCounterApp.Mvc\ClickCounterApp.Mvc.csproj", "{F4EF4A85-3F08-4875-A249-9BEBC39D7CE7}"
EndProject
Project("{FAE04EC0-301F-11D3-BF4B-00C04F79EFBC}") = "ClickCounterApp.Mvc.FortuneSeeker", "ClickCounterApp.Mvc.FortuneSeeker\ClickCounterApp.Mvc.FortuneSeeker.csproj", "{4FCD75A3-BAD9-49CD-BA0E-B981DC5C5B26}"
EndProject
Project("{FAE04EC0-301F-11D3-BF4B-00C04F79EFBC}") = "ClickCounterApp.Apk.WebFortuneSeeker", "ClickCounterApp.Apk.WebFortuneSeeker\ClickCounterApp.Apk.WebFortuneSeeker.csproj", "{F357F1CC-5315-4002-8E37-660A8CCC87B0}"
EndProject
Global
	GlobalSection(SolutionConfigurationPlatforms) = preSolution
		Debug|Any CPU = Debug|Any CPU
		Debug|x64 = Debug|x64
		Debug|x86 = Debug|x86
		Release|Any CPU = Release|Any CPU
		Release|x64 = Release|x64
		Release|x86 = Release|x86
	EndGlobalSection
	GlobalSection(ProjectConfigurationPlatforms) = postSolution
		{D975EE5B-1B04-48C8-BA09-429DF3250ACA}.Debug|Any CPU.ActiveCfg = Debug|Any CPU
		{D975EE5B-1B04-48C8-BA09-429DF3250ACA}.Debug|Any CPU.Build.0 = Debug|Any CPU
		{D975EE5B-1B04-48C8-BA09-429DF3250ACA}.Debug|x64.ActiveCfg = Debug|Any CPU
		{D975EE5B-1B04-48C8-BA09-429DF3250ACA}.Debug|x64.Build.0 = Debug|Any CPU
		{D975EE5B-1B04-48C8-BA09-429DF3250ACA}.Debug|x86.ActiveCfg = Debug|Any CPU
		{D975EE5B-1B04-48C8-BA09-429DF3250ACA}.Debug|x86.Build.0 = Debug|Any CPU
		{D975EE5B-1B04-48C8-BA09-429DF3250ACA}.Release|Any CPU.ActiveCfg = Release|Any CPU
		{D975EE5B-1B04-48C8-BA09-429DF3250ACA}.Release|Any CPU.Build.0 = Release|Any CPU
		{D975EE5B-1B04-48C8-BA09-429DF3250ACA}.Release|x64.ActiveCfg = Release|Any CPU
		{D975EE5B-1B04-48C8-BA09-429DF3250ACA}.Release|x64.Build.0 = Release|Any CPU
		{D975EE5B-1B04-48C8-BA09-429DF3250ACA}.Release|x86.ActiveCfg = Release|Any CPU
		{D975EE5B-1B04-48C8-BA09-429DF3250ACA}.Release|x86.Build.0 = Release|Any CPU
		{0D0901A5-7B0D-4805-A630-19A8595F4CF2}.Debug|Any CPU.ActiveCfg = Debug|Any CPU
		{0D0901A5-7B0D-4805-A630-19A8595F4CF2}.Debug|Any CPU.Build.0 = Debug|Any CPU
		{0D0901A5-7B0D-4805-A630-19A8595F4CF2}.Debug|x64.ActiveCfg = Debug|Any CPU
		{0D0901A5-7B0D-4805-A630-19A8595F4CF2}.Debug|x64.Build.0 = Debug|Any CPU
		{0D0901A5-7B0D-4805-A630-19A8595F4CF2}.Debug|x86.ActiveCfg = Debug|Any CPU
		{0D0901A5-7B0D-4805-A630-19A8595F4CF2}.Debug|x86.Build.0 = Debug|Any CPU
		{0D0901A5-7B0D-4805-A630-19A8595F4CF2}.Release|Any CPU.ActiveCfg = Release|Any CPU
		{0D0901A5-7B0D-4805-A630-19A8595F4CF2}.Release|Any CPU.Build.0 = Release|Any CPU
		{0D0901A5-7B0D-4805-A630-19A8595F4CF2}.Release|x64.ActiveCfg = Release|Any CPU
		{0D0901A5-7B0D-4805-A630-19A8595F4CF2}.Release|x64.Build.0 = Release|Any CPU
		{0D0901A5-7B0D-4805-A630-19A8595F4CF2}.Release|x86.ActiveCfg = Release|Any CPU
		{0D0901A5-7B0D-4805-A630-19A8595F4CF2}.Release|x86.Build.0 = Release|Any CPU
		{F82550B0-2E3B-490C-9C0F-D12E6BA33612}.Debug|Any CPU.ActiveCfg = Debug|Any CPU
		{F82550B0-2E3B-490C-9C0F-D12E6BA33612}.Debug|Any CPU.Build.0 = Debug|Any CPU
		{F82550B0-2E3B-490C-9C0F-D12E6BA33612}.Debug|x64.ActiveCfg = Debug|Any CPU
		{F82550B0-2E3B-490C-9C0F-D12E6BA33612}.Debug|x64.Build.0 = Debug|Any CPU
		{F82550B0-2E3B-490C-9C0F-D12E6BA33612}.Debug|x86.ActiveCfg = Debug|Any CPU
		{F82550B0-2E3B-490C-9C0F-D12E6BA33612}.Debug|x86.Build.0 = Debug|Any CPU
		{F82550B0-2E3B-490C-9C0F-D12E6BA33612}.Release|Any CPU.ActiveCfg = Release|Any CPU
		{F82550B0-2E3B-490C-9C0F-D12E6BA33612}.Release|Any CPU.Build.0 = Release|Any CPU
		{F82550B0-2E3B-490C-9C0F-D12E6BA33612}.Release|x64.ActiveCfg = Release|Any CPU
		{F82550B0-2E3B-490C-9C0F-D12E6BA33612}.Release|x64.Build.0 = Release|Any CPU
		{F82550B0-2E3B-490C-9C0F-D12E6BA33612}.Release|x86.ActiveCfg = Release|Any CPU
		{F82550B0-2E3B-490C-9C0F-D12E6BA33612}.Release|x86.Build.0 = Release|Any CPU
		{0774B35D-9B13-46B5-AE40-8684F77CDBFA}.Debug|Any CPU.ActiveCfg = Debug|Any CPU
		{0774B35D-9B13-46B5-AE40-8684F77CDBFA}.Debug|Any CPU.Build.0 = Debug|Any CPU
		{0774B35D-9B13-46B5-AE40-8684F77CDBFA}.Debug|x64.ActiveCfg = Debug|Any CPU
		{0774B35D-9B13-46B5-AE40-8684F77CDBFA}.Debug|x64.Build.0 = Debug|Any CPU
		{0774B35D-9B13-46B5-AE40-8684F77CDBFA}.Debug|x86.ActiveCfg = Debug|Any CPU
		{0774B35D-9B13-46B5-AE40-8684F77CDBFA}.Debug|x86.Build.0 = Debug|Any CPU
		{0774B35D-9B13-46B5-AE40-8684F77CDBFA}.Release|Any CPU.ActiveCfg = Release|Any CPU
		{0774B35D-9B13-46B5-AE40-8684F77CDBFA}.Release|Any CPU.Build.0 = Release|Any CPU
		{0774B35D-9B13-46B5-AE40-8684F77CDBFA}.Release|x64.ActiveCfg = Release|Any CPU
		{0774B35D-9B13-46B5-AE40-8684F77CDBFA}.Release|x64.Build.0 = Release|Any CPU
		{0774B35D-9B13-46B5-AE40-8684F77CDBFA}.Release|x86.ActiveCfg = Release|Any CPU
		{0774B35D-9B13-46B5-AE40-8684F77CDBFA}.Release|x86.Build.0 = Release|Any CPU
		{DF766DDB-9C66-4EFB-8D67-125DBB7EC7BF}.Debug|Any CPU.ActiveCfg = Debug|Any CPU
		{DF766DDB-9C66-4EFB-8D67-125DBB7EC7BF}.Debug|Any CPU.Build.0 = Debug|Any CPU
		{DF766DDB-9C66-4EFB-8D67-125DBB7EC7BF}.Debug|x64.ActiveCfg = Debug|Any CPU
		{DF766DDB-9C66-4EFB-8D67-125DBB7EC7BF}.Debug|x64.Build.0 = Debug|Any CPU
		{DF766DDB-9C66-4EFB-8D67-125DBB7EC7BF}.Debug|x86.ActiveCfg = Debug|Any CPU
		{DF766DDB-9C66-4EFB-8D67-125DBB7EC7BF}.Debug|x86.Build.0 = Debug|Any CPU
		{DF766DDB-9C66-4EFB-8D67-125DBB7EC7BF}.Release|Any CPU.ActiveCfg = Release|Any CPU
		{DF766DDB-9C66-4EFB-8D67-125DBB7EC7BF}.Release|Any CPU.Build.0 = Release|Any CPU
		{DF766DDB-9C66-4EFB-8D67-125DBB7EC7BF}.Release|x64.ActiveCfg = Release|Any CPU
		{DF766DDB-9C66-4EFB-8D67-125DBB7EC7BF}.Release|x64.Build.0 = Release|Any CPU
		{DF766DDB-9C66-4EFB-8D67-125DBB7EC7BF}.Release|x86.ActiveCfg = Release|Any CPU
		{DF766DDB-9C66-4EFB-8D67-125DBB7EC7BF}.Release|x86.Build.0 = Release|Any CPU
		{75BAF0F3-4733-43BC-8520-2C8BB3202D97}.Debug|Any CPU.ActiveCfg = Debug|Any CPU
		{75BAF0F3-4733-43BC-8520-2C8BB3202D97}.Debug|Any CPU.Build.0 = Debug|Any CPU
		{75BAF0F3-4733-43BC-8520-2C8BB3202D97}.Debug|Any CPU.Deploy.0 = Debug|Any CPU
		{75BAF0F3-4733-43BC-8520-2C8BB3202D97}.Debug|x64.ActiveCfg = Release|x64
		{75BAF0F3-4733-43BC-8520-2C8BB3202D97}.Debug|x64.Build.0 = Release|x64
		{75BAF0F3-4733-43BC-8520-2C8BB3202D97}.Debug|x64.Deploy.0 = Release|x64
		{75BAF0F3-4733-43BC-8520-2C8BB3202D97}.Debug|x86.ActiveCfg = Release|x86
		{75BAF0F3-4733-43BC-8520-2C8BB3202D97}.Debug|x86.Build.0 = Release|x86
		{75BAF0F3-4733-43BC-8520-2C8BB3202D97}.Debug|x86.Deploy.0 = Release|x86
		{75BAF0F3-4733-43BC-8520-2C8BB3202D97}.Release|Any CPU.ActiveCfg = Release|Any CPU
		{75BAF0F3-4733-43BC-8520-2C8BB3202D97}.Release|Any CPU.Build.0 = Release|Any CPU
		{75BAF0F3-4733-43BC-8520-2C8BB3202D97}.Release|Any CPU.Deploy.0 = Release|Any CPU
		{75BAF0F3-4733-43BC-8520-2C8BB3202D97}.Release|x64.ActiveCfg = Release|x64
		{75BAF0F3-4733-43BC-8520-2C8BB3202D97}.Release|x64.Build.0 = Release|x64
		{75BAF0F3-4733-43BC-8520-2C8BB3202D97}.Release|x64.Deploy.0 = Release|x64
		{75BAF0F3-4733-43BC-8520-2C8BB3202D97}.Release|x86.ActiveCfg = Release|x86
		{75BAF0F3-4733-43BC-8520-2C8BB3202D97}.Release|x86.Build.0 = Release|x86
		{75BAF0F3-4733-43BC-8520-2C8BB3202D97}.Release|x86.Deploy.0 = Release|x86
		{5F898A90-4013-41BE-AE46-81FA692BB37C}.Debug|Any CPU.ActiveCfg = Debug|Any CPU
		{5F898A90-4013-41BE-AE46-81FA692BB37C}.Debug|Any CPU.Build.0 = Debug|Any CPU
		{5F898A90-4013-41BE-AE46-81FA692BB37C}.Debug|x64.ActiveCfg = Debug|Any CPU
		{5F898A90-4013-41BE-AE46-81FA692BB37C}.Debug|x64.Build.0 = Debug|Any CPU
		{5F898A90-4013-41BE-AE46-81FA692BB37C}.Debug|x86.ActiveCfg = Debug|Any CPU
		{5F898A90-4013-41BE-AE46-81FA692BB37C}.Debug|x86.Build.0 = Debug|Any CPU
		{5F898A90-4013-41BE-AE46-81FA692BB37C}.Release|Any CPU.ActiveCfg = Release|Any CPU
		{5F898A90-4013-41BE-AE46-81FA692BB37C}.Release|Any CPU.Build.0 = Release|Any CPU
		{5F898A90-4013-41BE-AE46-81FA692BB37C}.Release|x64.ActiveCfg = Release|Any CPU
		{5F898A90-4013-41BE-AE46-81FA692BB37C}.Release|x64.Build.0 = Release|Any CPU
		{5F898A90-4013-41BE-AE46-81FA692BB37C}.Release|x86.ActiveCfg = Release|Any CPU
		{5F898A90-4013-41BE-AE46-81FA692BB37C}.Release|x86.Build.0 = Release|Any CPU
		{F2799144-C839-4AF7-8461-9BC1A75D8876}.Debug|Any CPU.ActiveCfg = Debug|Any CPU
		{F2799144-C839-4AF7-8461-9BC1A75D8876}.Debug|Any CPU.Build.0 = Debug|Any CPU
		{F2799144-C839-4AF7-8461-9BC1A75D8876}.Debug|x64.ActiveCfg = Debug|Any CPU
		{F2799144-C839-4AF7-8461-9BC1A75D8876}.Debug|x64.Build.0 = Debug|Any CPU
		{F2799144-C839-4AF7-8461-9BC1A75D8876}.Debug|x86.ActiveCfg = Debug|Any CPU
		{F2799144-C839-4AF7-8461-9BC1A75D8876}.Debug|x86.Build.0 = Debug|Any CPU
		{F2799144-C839-4AF7-8461-9BC1A75D8876}.Release|Any CPU.ActiveCfg = Release|Any CPU
		{F2799144-C839-4AF7-8461-9BC1A75D8876}.Release|Any CPU.Build.0 = Release|Any CPU
		{F2799144-C839-4AF7-8461-9BC1A75D8876}.Release|x64.ActiveCfg = Release|Any CPU
		{F2799144-C839-4AF7-8461-9BC1A75D8876}.Release|x64.Build.0 = Release|Any CPU
		{F2799144-C839-4AF7-8461-9BC1A75D8876}.Release|x86.ActiveCfg = Release|Any CPU
		{F2799144-C839-4AF7-8461-9BC1A75D8876}.Release|x86.Build.0 = Release|Any CPU
		{F4EF4A85-3F08-4875-A249-9BEBC39D7CE7}.Debug|Any CPU.ActiveCfg = Debug|Any CPU
		{F4EF4A85-3F08-4875-A249-9BEBC39D7CE7}.Debug|Any CPU.Build.0 = Debug|Any CPU
		{F4EF4A85-3F08-4875-A249-9BEBC39D7CE7}.Debug|x64.ActiveCfg = Debug|Any CPU
		{F4EF4A85-3F08-4875-A249-9BEBC39D7CE7}.Debug|x64.Build.0 = Debug|Any CPU
		{F4EF4A85-3F08-4875-A249-9BEBC39D7CE7}.Debug|x86.ActiveCfg = Debug|Any CPU
		{F4EF4A85-3F08-4875-A249-9BEBC39D7CE7}.Debug|x86.Build.0 = Debug|Any CPU
		{F4EF4A85-3F08-4875-A249-9BEBC39D7CE7}.Release|Any CPU.ActiveCfg = Release|Any CPU
		{F4EF4A85-3F08-4875-A249-9BEBC39D7CE7}.Release|Any CPU.Build.0 = Release|Any CPU
		{F4EF4A85-3F08-4875-A249-9BEBC39D7CE7}.Release|x64.ActiveCfg = Release|Any CPU
		{F4EF4A85-3F08-4875-A249-9BEBC39D7CE7}.Release|x64.Build.0 = Release|Any CPU
		{F4EF4A85-3F08-4875-A249-9BEBC39D7CE7}.Release|x86.ActiveCfg = Release|Any CPU
		{F4EF4A85-3F08-4875-A249-9BEBC39D7CE7}.Release|x86.Build.0 = Release|Any CPU
		{4FCD75A3-BAD9-49CD-BA0E-B981DC5C5B26}.Debug|Any CPU.ActiveCfg = Debug|Any CPU
		{4FCD75A3-BAD9-49CD-BA0E-B981DC5C5B26}.Debug|Any CPU.Build.0 = Debug|Any CPU
		{4FCD75A3-BAD9-49CD-BA0E-B981DC5C5B26}.Debug|x64.ActiveCfg = Debug|Any CPU
		{4FCD75A3-BAD9-49CD-BA0E-B981DC5C5B26}.Debug|x64.Build.0 = Debug|Any CPU
		{4FCD75A3-BAD9-49CD-BA0E-B981DC5C5B26}.Debug|x86.ActiveCfg = Debug|Any CPU
		{4FCD75A3-BAD9-49CD-BA0E-B981DC5C5B26}.Debug|x86.Build.0 = Debug|Any CPU
		{4FCD75A3-BAD9-49CD-BA0E-B981DC5C5B26}.Release|Any CPU.ActiveCfg = Release|Any CPU
		{4FCD75A3-BAD9-49CD-BA0E-B981DC5C5B26}.Release|Any CPU.Build.0 = Release|Any CPU
		{4FCD75A3-BAD9-49CD-BA0E-B981DC5C5B26}.Release|x64.ActiveCfg = Release|Any CPU
		{4FCD75A3-BAD9-49CD-BA0E-B981DC5C5B26}.Release|x64.Build.0 = Release|Any CPU
		{4FCD75A3-BAD9-49CD-BA0E-B981DC5C5B26}.Release|x86.ActiveCfg = Release|Any CPU
		{4FCD75A3-BAD9-49CD-BA0E-B981DC5C5B26}.Release|x86.Build.0 = Release|Any CPU
		{F357F1CC-5315-4002-8E37-660A8CCC87B0}.Debug|Any CPU.ActiveCfg = Debug|Any CPU
		{F357F1CC-5315-4002-8E37-660A8CCC87B0}.Debug|Any CPU.Build.0 = Debug|Any CPU
		{F357F1CC-5315-4002-8E37-660A8CCC87B0}.Debug|Any CPU.Deploy.0 = Debug|Any CPU
		{F357F1CC-5315-4002-8E37-660A8CCC87B0}.Debug|x64.ActiveCfg = Debug|Any CPU
		{F357F1CC-5315-4002-8E37-660A8CCC87B0}.Debug|x64.Build.0 = Debug|Any CPU
		{F357F1CC-5315-4002-8E37-660A8CCC87B0}.Debug|x64.Deploy.0 = Debug|Any CPU
		{F357F1CC-5315-4002-8E37-660A8CCC87B0}.Debug|x86.ActiveCfg = Debug|Any CPU
		{F357F1CC-5315-4002-8E37-660A8CCC87B0}.Debug|x86.Build.0 = Debug|Any CPU
		{F357F1CC-5315-4002-8E37-660A8CCC87B0}.Debug|x86.Deploy.0 = Debug|Any CPU
		{F357F1CC-5315-4002-8E37-660A8CCC87B0}.Release|Any CPU.ActiveCfg = Release|Any CPU
		{F357F1CC-5315-4002-8E37-660A8CCC87B0}.Release|Any CPU.Build.0 = Release|Any CPU
		{F357F1CC-5315-4002-8E37-660A8CCC87B0}.Release|Any CPU.Deploy.0 = Release|Any CPU
		{F357F1CC-5315-4002-8E37-660A8CCC87B0}.Release|x64.ActiveCfg = Release|Any CPU
		{F357F1CC-5315-4002-8E37-660A8CCC87B0}.Release|x64.Build.0 = Release|Any CPU
		{F357F1CC-5315-4002-8E37-660A8CCC87B0}.Release|x64.Deploy.0 = Release|Any CPU
		{F357F1CC-5315-4002-8E37-660A8CCC87B0}.Release|x86.ActiveCfg = Release|Any CPU
		{F357F1CC-5315-4002-8E37-660A8CCC87B0}.Release|x86.Build.0 = Release|Any CPU
		{F357F1CC-5315-4002-8E37-660A8CCC87B0}.Release|x86.Deploy.0 = Release|Any CPU
	EndGlobalSection
	GlobalSection(SolutionProperties) = preSolution
		HideSolutionNode = FALSE
	EndGlobalSection
	GlobalSection(NestedProjects) = preSolution
		{D975EE5B-1B04-48C8-BA09-429DF3250ACA} = {25F2657F-8642-4D5D-9448-4F5BCAA53FDA}
		{0D0901A5-7B0D-4805-A630-19A8595F4CF2} = {526C2E3A-298E-42E9-B9C2-E9B847715A20}
		{F82550B0-2E3B-490C-9C0F-D12E6BA33612} = {63DB85E7-ADB5-449E-9112-F829ED70E96C}
		{0774B35D-9B13-46B5-AE40-8684F77CDBFA} = {9E9A7E83-C2BF-40E3-81CE-C9223B48F4B6}
		{DF766DDB-9C66-4EFB-8D67-125DBB7EC7BF} = {D73B17A2-8A6C-4F21-8FE0-BC71BF68FF00}
		{75BAF0F3-4733-43BC-8520-2C8BB3202D97} = {CFABD221-BD92-4FB4-866D-1C4DD813F5C3}
		{5F898A90-4013-41BE-AE46-81FA692BB37C} = {9E9A7E83-C2BF-40E3-81CE-C9223B48F4B6}
		{F2799144-C839-4AF7-8461-9BC1A75D8876} = {C83E0E32-588F-4937-AA9D-2EA7480DC0D7}
		{F4EF4A85-3F08-4875-A249-9BEBC39D7CE7} = {B690A1E5-22EE-420B-BF34-9DEEE8846765}
		{4FCD75A3-BAD9-49CD-BA0E-B981DC5C5B26} = {B690A1E5-22EE-420B-BF34-9DEEE8846765}
		{F357F1CC-5315-4002-8E37-660A8CCC87B0} = {CFABD221-BD92-4FB4-866D-1C4DD813F5C3}
	EndGlobalSection
	GlobalSection(ExtensibilityGlobals) = postSolution
		SolutionGuid = {B6E6D623-999B-4910-ACBB-C1905A8275B5}
	EndGlobalSection
EndGlobal
